
Microsoft Visual Studio Solution File, Format Version 12.00
# Visual Studio Version 17
VisualStudioVersion = 17.14.36408.4 d17.14
MinimumVisualStudioVersion = 10.0.40219.1
Project("{FAE04EC0-301F-11D3-BF4B-00C04F79EFBC}") = "popov_11", "popov_11\popov_11.csproj", "{590453F3-A72A-471F-99D1-F73B2EE1DFDF}"
EndProject
Global
	GlobalSection(SolutionConfigurationPlatforms) = preSolution
		Debug|Any CPU = Debug|Any CPU
		Release|Any CPU = Release|Any CPU
	EndGlobalSection
	GlobalSection(ProjectConfigurationPlatforms) = postSolution
		{590453F3-A72A-471F-99D1-F73B2EE1DFDF}.Debug|Any CPU.ActiveCfg = Debug|Any CPU
		{590453F3-A72A-471F-99D1-F73B2EE1DFDF}.Debug|Any CPU.Build.0 = Debug|Any CPU
		{590453F3-A72A-471F-99D1-F73B2EE1DFDF}.Release|Any CPU.ActiveCfg = Release|Any CPU
		{590453F3-A72A-471F-99D1-F73B2EE1DFDF}.Release|Any CPU.Build.0 = Release|Any CPU
	EndGlobalSection
	GlobalSection(SolutionProperties) = preSolution
		HideSolutionNode = FALSE
	EndGlobalSection
	GlobalSection(ExtensibilityGlobals) = postSolution
		SolutionGuid = {5CC51D4F-95B8-4B61-9BF5-E06DC3A34761}
	EndGlobalSection
EndGlobal
