
Microsoft Visual Studio Solution File, Format Version 12.00
# Visual Studio Version 17
VisualStudioVersion = 17.13.35931.197 d17.13
MinimumVisualStudioVersion = 10.0.40219.1
Project("{FAE04EC0-301F-11D3-BF4B-00C04F79EFBC}") = "popov_13", "popov_13\popov_13.csproj", "{43199AA6-D779-4438-8539-300C95C956A2}"
EndProject
Global
	GlobalSection(SolutionConfigurationPlatforms) = preSolution
		Debug|Any CPU = Debug|Any CPU
		Release|Any CPU = Release|Any CPU
	EndGlobalSection
	GlobalSection(ProjectConfigurationPlatforms) = postSolution
		{43199AA6-D779-4438-8539-300C95C956A2}.Debug|Any CPU.ActiveCfg = Debug|Any CPU
		{43199AA6-D779-4438-8539-300C95C956A2}.Debug|Any CPU.Build.0 = Debug|Any CPU
		{43199AA6-D779-4438-8539-300C95C956A2}.Release|Any CPU.ActiveCfg = Release|Any CPU
		{43199AA6-D779-4438-8539-300C95C956A2}.Release|Any CPU.Build.0 = Release|Any CPU
	EndGlobalSection
	GlobalSection(SolutionProperties) = preSolution
		HideSolutionNode = FALSE
	EndGlobalSection
	GlobalSection(ExtensibilityGlobals) = postSolution
		SolutionGuid = {697492A8-DA3C-4F78-BF87-801DBFC106E8}
	EndGlobalSection
EndGlobal
