
Microsoft Visual Studio Solution File, Format Version 12.00
# Visual Studio Version 17
VisualStudioVersion = 17.14.36408.4 d17.14
MinimumVisualStudioVersion = 10.0.40219.1
Project("{FAE04EC0-301F-11D3-BF4B-00C04F79EFBC}") = "popov_12", "popov_12\popov_12.csproj", "{4C6A1E5E-5F81-443A-B4B3-04E9E587B7BE}"
EndProject
Global
	GlobalSection(SolutionConfigurationPlatforms) = preSolution
		Debug|Any CPU = Debug|Any CPU
		Release|Any CPU = Release|Any CPU
	EndGlobalSection
	GlobalSection(ProjectConfigurationPlatforms) = postSolution
		{4C6A1E5E-5F81-443A-B4B3-04E9E587B7BE}.Debug|Any CPU.ActiveCfg = Debug|Any CPU
		{4C6A1E5E-5F81-443A-B4B3-04E9E587B7BE}.Debug|Any CPU.Build.0 = Debug|Any CPU
		{4C6A1E5E-5F81-443A-B4B3-04E9E587B7BE}.Release|Any CPU.ActiveCfg = Release|Any CPU
		{4C6A1E5E-5F81-443A-B4B3-04E9E587B7BE}.Release|Any CPU.Build.0 = Release|Any CPU
	EndGlobalSection
	GlobalSection(SolutionProperties) = preSolution
		HideSolutionNode = FALSE
	EndGlobalSection
	GlobalSection(ExtensibilityGlobals) = postSolution
		SolutionGuid = {BF3D93D7-044B-4C3D-B888-AF314FEFA753}
	EndGlobalSection
EndGlobal
